<?xml version="1.0" encoding="utf-8"?>
<Project ToolsVersion="4.0" xmlns="http://schemas.microsoft.com/developer/msbuild/2003">
  <ItemGroup>
    <Filter Include="Исходные файлы">
      <UniqueIdentifier>{4FC737F1-C7A5-4376-A066-2A32D752A2FF}</UniqueIdentifier>
      <Extensions>cpp;c;cc;cxx;def;odl;idl;hpj;bat;asm;asmx</Extensions>
    </Filter>
    <Filter Include="Файлы заголовков">
      <UniqueIdentifier>{93995380-89BD-4b04-88EB-625FBE52EBFB}</UniqueIdentifier>
      <Extensions>h;hh;hpp;hxx;hm;inl;inc;xsd</Extensions>
    </Filter>
    <Filter Include="Файлы ресурсов">
      <UniqueIdentifier>{67DA6AB6-F800-4c08-8B7A-83BB121AAD01}</UniqueIdentifier>
      <Extensions>rc;ico;cur;bmp;dlg;rc2;rct;bin;rgs;gif;jpg;jpeg;jpe;resx;tiff;tif;png;wav;mfcribbon-ms</Extensions>
    </Filter>
    <Filter Include="Исходные файлы\Lab1">
      <UniqueIdentifier>{a3ae2405-d9af-4866-8e18-16504c44f003}</UniqueIdentifier>
    </Filter>
    <Filter Include="Исходные файлы\Lab2">
      <UniqueIdentifier>{7c3d3d15-7220-495e-b83b-23c7bed0d26f}</UniqueIdentifier>
    </Filter>
    <Filter Include="Исходные файлы\Lab3">
      <UniqueIdentifier>{5f3181ce-8043-42a9-9b98-018f5cfb66c9}</UniqueIdentifier>
    </Filter>
    <Filter Include="Исходные файлы\Lab4">
      <UniqueIdentifier>{88c6df06-e0af-4f36-b32b-9dbb36e26db4}</UniqueIdentifier>
    </Filter>
    <Filter Include="Исходные файлы\Lab5">
      <UniqueIdentifier>{12369075-c27c-4a1a-a73c-204bd0a60984}</UniqueIdentifier>
    </Filter>
    <Filter Include="Исходные файлы\Lab6">
      <UniqueIdentifier>{debbd4e2-da48-4e02-b964-590d5ffe4e3e}</UniqueIdentifier>
    </Filter>
    <Filter Include="Исходные файлы\Lab7">
      <UniqueIdentifier>{198dfe48-8f5d-481c-b3df-ec0ae14d00ab}</UniqueIdentifier>
    </Filter>
  </ItemGroup>
  <ItemGroup>
    <ClInclude Include="stdafx.h">
      <Filter>Файлы заголовков</Filter>
    </ClInclude>
    <ClInclude Include="targetver.h">
      <Filter>Файлы заголовков</Filter>
    </ClInclude>
    <ClInclude Include="lab1.h">
      <Filter>Исходные файлы\Lab1</Filter>
    </ClInclude>
    <ClInclude Include="Lab2.h">
      <Filter>Исходные файлы\Lab2</Filter>
    </ClInclude>
    <ClInclude Include="PersonLab3.h">
      <Filter>Исходные файлы\Lab3</Filter>
    </ClInclude>
    <ClInclude Include="Lab3.h">
      <Filter>Исходные файлы\Lab3</Filter>
    </ClInclude>
    <ClInclude Include="Node.h">
      <Filter>Исходные файлы\Lab4</Filter>
    </ClInclude>
    <ClInclude Include="Person.h">
      <Filter>Исходные файлы\Lab4</Filter>
    </ClInclude>
    <ClInclude Include="List.h">
      <Filter>Исходные файлы\Lab4</Filter>
    </ClInclude>
    <ClInclude Include="SexLab4.h">
      <Filter>Исходные файлы\Lab4</Filter>
    </ClInclude>
    <ClInclude Include="PersonLab5.h">
      <Filter>Исходные файлы\Lab5</Filter>
    </ClInclude>
    <ClInclude Include="PersonListItem.h">
      <Filter>Исходные файлы\Lab5</Filter>
    </ClInclude>
    <ClInclude Include="PersonList.h">
      <Filter>Исходные файлы\Lab5</Filter>
    </ClInclude>
    <ClInclude Include="AdultLab6.h">
      <Filter>Исходные файлы\Lab6</Filter>
    </ClInclude>
    <ClInclude Include="ChildLab6.h">
      <Filter>Исходные файлы\Lab6</Filter>
    </ClInclude>
    <ClInclude Include="MenuLab5.h">
      <Filter>Исходные файлы\Lab5</Filter>
    </ClInclude>
    <ClInclude Include="MenuLab6.h">
      <Filter>Исходные файлы\Lab6</Filter>
    </ClInclude>
    <ClInclude Include="ToolsForLabs.h">
      <Filter>Файлы заголовков</Filter>
    </ClInclude>
    <ClInclude Include="MenuLab4.h">
      <Filter>Исходные файлы\Lab4</Filter>
    </ClInclude>
    <ClInclude Include="FunctionsLab4.h">
      <Filter>Исходные файлы\Lab4</Filter>
    </ClInclude>
    <ClInclude Include="ListLab7.h">
      <Filter>Исходные файлы\Lab7</Filter>
    </ClInclude>
    <ClInclude Include="MenuLab7.h">
      <Filter>Исходные файлы\Lab7</Filter>
    </ClInclude>
    <ClInclude Include="Operators.h">
      <Filter>Исходные файлы</Filter>
    </ClInclude>
    <ClInclude Include="FamilyTools.h">
      <Filter>Исходные файлы\Lab6</Filter>
    </ClInclude>
  </ItemGroup>
  <ItemGroup>
    <ClCompile Include="stdafx.cpp">
      <Filter>Исходные файлы</Filter>
    </ClCompile>
    <ClCompile Include="ProgrammingPractics.cpp">
      <Filter>Исходные файлы</Filter>
    </ClCompile>
    <ClCompile Include="Lab1.cpp">
      <Filter>Исходные файлы\Lab1</Filter>
    </ClCompile>
    <ClCompile Include="Lab2.cpp">
      <Filter>Исходные файлы\Lab2</Filter>
    </ClCompile>
    <ClCompile Include="Lab3.cpp">
      <Filter>Исходные файлы\Lab3</Filter>
    </ClCompile>
    <ClCompile Include="Person.cpp">
      <Filter>Исходные файлы\Lab4</Filter>
    </ClCompile>
    <ClCompile Include="PersonLab5.cpp">
      <Filter>Исходные файлы\Lab5</Filter>
    </ClCompile>
    <ClCompile Include="PersonList.cpp">
      <Filter>Исходные файлы\Lab5</Filter>
    </ClCompile>
    <ClCompile Include="MenuLab5.cpp">
      <Filter>Исходные файлы\Lab5</Filter>
    </ClCompile>
    <ClCompile Include="AdultLab6.cpp">
      <Filter>Исходные файлы\Lab6</Filter>
    </ClCompile>
    <ClCompile Include="MenuLab6.cpp">
      <Filter>Исходные файлы\Lab6</Filter>
    </ClCompile>
    <ClCompile Include="ChildLab6.cpp">
      <Filter>Исходные файлы\Lab6</Filter>
    </ClCompile>
    <ClCompile Include="ToolsForLabs.cpp">
      <Filter>Исходные файлы</Filter>
    </ClCompile>
    <ClCompile Include="MenuLab4.cpp">
      <Filter>Исходные файлы\Lab4</Filter>
    </ClCompile>
    <ClCompile Include="ListItemLab7.h">
      <Filter>Исходные файлы\Lab7</Filter>
    </ClCompile>
    <ClCompile Include="MenuLab7.cpp">
      <Filter>Исходные файлы\Lab7</Filter>
    </ClCompile>
  </ItemGroup>
</Project>